
Microsoft Visual Studio Solution File, Format Version 12.00
# Visual Studio Version 16
VisualStudioVersion = 16.0.29411.108
MinimumVisualStudioVersion = 10.0.40219.1
Project("{FAE04EC0-301F-11D3-BF4B-00C04F79EFBC}") = "FLRUpdater", "FLRUpdater\FLRUpdater.csproj", "{2A82F57A-1D24-46EB-B0F8-995DBAB99D96}"
EndProject
Project("{FAE04EC0-301F-11D3-BF4B-00C04F79EFBC}") = "Tester", "Tester\Tester.csproj", "{F55EA1BE-4B06-4530-B4A6-67E0843CF23D}"
EndProject
Global
	GlobalSection(SolutionConfigurationPlatforms) = preSolution
		Debug|Any CPU = Debug|Any CPU
		Release|Any CPU = Release|Any CPU
	EndGlobalSection
	GlobalSection(ProjectConfigurationPlatforms) = postSolution
		{2A82F57A-1D24-46EB-B0F8-995DBAB99D96}.Debug|Any CPU.ActiveCfg = Debug|Any CPU
		{2A82F57A-1D24-46EB-B0F8-995DBAB99D96}.Debug|Any CPU.Build.0 = Debug|Any CPU
		{2A82F57A-1D24-46EB-B0F8-995DBAB99D96}.Release|Any CPU.ActiveCfg = Release|Any CPU
		{2A82F57A-1D24-46EB-B0F8-995DBAB99D96}.Release|Any CPU.Build.0 = Release|Any CPU
		{F55EA1BE-4B06-4530-B4A6-67E0843CF23D}.Debug|Any CPU.ActiveCfg = Debug|Any CPU
		{F55EA1BE-4B06-4530-B4A6-67E0843CF23D}.Debug|Any CPU.Build.0 = Debug|Any CPU
		{F55EA1BE-4B06-4530-B4A6-67E0843CF23D}.Release|Any CPU.ActiveCfg = Release|Any CPU
		{F55EA1BE-4B06-4530-B4A6-67E0843CF23D}.Release|Any CPU.Build.0 = Release|Any CPU
	EndGlobalSection
	GlobalSection(SolutionProperties) = preSolution
		HideSolutionNode = FALSE
	EndGlobalSection
	GlobalSection(ExtensibilityGlobals) = postSolution
		SolutionGuid = {3BE6C46C-9FB5-4C7F-8010-3061C62F0A86}
	EndGlobalSection
EndGlobal
